{
  "nodes": {
    "nixpkgs": {
      "locked": {
        "lastModified": 1723400035,
        "narHash": "sha256-WoKZDlBEdMhP+hjquBAh0BhUJbcH2+U8g2mHOr1mv8I=",
        "owner": "NixOS",
        "repo": "nixpkgs",
        "rev": "a731b45590a5169542990c36ffcde6cebd9a3356",
        "type": "github"
      },
      "original": {
        "owner": "NixOS",
        "ref": "nixos-24.05",
        "repo": "nixpkgs",
        "type": "github"
      }
    },
    "nixpkgs-unstable": {
      "locked": {
        "lastModified": 1723541349,
        "narHash": "sha256-LrmeqqHdPgAJsVKIJja8jGgRG/CA2y6SGT2TjX5Do68=",
        "owner": "NixOS",
        "repo": "nixpkgs",
        "rev": "4877ea239f4d02410c3516101faf35a81af0c30e",
        "type": "github"
      },
      "original": {
        "owner": "NixOS",
        "ref": "nixpkgs-unstable",
        "repo": "nixpkgs",
        "type": "github"
      }
    },
    "nixpkgs_2": {
      "locked": {
        "lastModified": 1720823163,
        "narHash": "sha256-FZ5dnrvKkln9ESdoTR8R7GKW9rNpXNZrxGsOXsbsTpE=",
        "owner": "NixOS",
        "repo": "nixpkgs",
        "rev": "f12ee5f64c6a09995e71c9626d88c4efa983b488",
        "type": "github"
      },
      "original": {
        "owner": "NixOS",
        "ref": "nixos-24.05",
        "repo": "nixpkgs",
        "type": "github"
      }
    },
    "nixserver": {
      "inputs": {
        "nixos-unstable": [
          "nixpkgs-unstable"
        ],
        "nixpkgs": "nixpkgs_2"
      },
      "locked": {
        "lastModified": 1723559703,
        "narHash": "sha256-cAVX5HFwFs7Z05xMmSdp/BDNjRhX1CqxxcQ2MX5x5Oc=",
        "type": "tarball",
        "url": "https://releases.nixserver.io/latest/nixosModules"
      },
      "original": {
        "type": "tarball",
        "url": "https://releases.nixserver.io/latest/nixosModules"
      }
    },
    "root": {
      "inputs": {
        "nixpkgs": "nixpkgs",
        "nixpkgs-unstable": "nixpkgs-unstable",
        "nixserver": "nixserver",
        "secrets": "secrets"
      }
    },
    "secrets": {
      "locked": {
        "lastModified": 1711336187,
        "narHash": "sha256-YFI+O5AmS73MK9IM8qCJuZtRs4MWVqvA2uYCIGSxlMM=",
        "owner": "nixserver-io",
        "repo": "secrets-placeholder",
        "rev": "2f29309d8ad16abb026ef5a2c6f7672cca533bcf",
        "type": "github"
      },
      "original": {
        "owner": "nixserver-io",
        "repo": "secrets-placeholder",
        "type": "github"
      }
    }
  },
  "root": "root",
  "version": 7
}
