{
  "nodes": {
    "nixpkgs": {
      "locked": {
        "lastModified": 1720823163,
        "narHash": "sha256-FZ5dnrvKkln9ESdoTR8R7GKW9rNpXNZrxGsOXsbsTpE=",
        "owner": "NixOS",
        "repo": "nixpkgs",
        "rev": "f12ee5f64c6a09995e71c9626d88c4efa983b488",
        "type": "github"
      },
      "original": {
        "owner": "NixOS",
        "ref": "nixos-24.05",
        "repo": "nixpkgs",
        "type": "github"
      }
    },
    "nixpkgs-unstable": {
      "locked": {
        "lastModified": 1720906138,
        "narHash": "sha256-tEY8vHDE0psT5qH1RERdZmYGVcMi4yf4WLrBuJ04EBQ=",
        "owner": "NixOS",
        "repo": "nixpkgs",
        "rev": "d55afb5fc2e24e0852c9da179fbe2a74a2687697",
        "type": "github"
      },
      "original": {
        "owner": "NixOS",
        "ref": "nixpkgs-unstable",
        "repo": "nixpkgs",
        "type": "github"
      }
    },
    "nixpkgs_2": {
      "locked": {
        "lastModified": 1716633019,
        "narHash": "sha256-xim1b5/HZYbWaZKyI7cn9TJCM6ewNVZnesRr00mXeS4=",
        "owner": "NixOS",
        "repo": "nixpkgs",
        "rev": "9d29cd266cebf80234c98dd0b87256b6be0af44e",
        "type": "github"
      },
      "original": {
        "owner": "NixOS",
        "ref": "nixos-23.11",
        "repo": "nixpkgs",
        "type": "github"
      }
    },
    "nixserver": {
      "inputs": {
        "nixos-unstable": [
          "nixpkgs-unstable"
        ],
        "nixpkgs": "nixpkgs_2"
      },
      "locked": {
        "lastModified": 1720965544,
        "narHash": "sha256-m0gMuHHcKWLXQBdhD3yYGfuz/ds6B0U/rZ9YGNOCxrQ=",
        "type": "tarball",
        "url": "https://releases.nixserver.io/latest/nixosModules"
      },
      "original": {
        "type": "tarball",
        "url": "https://releases.nixserver.io/latest/nixosModules"
      }
    },
    "root": {
      "inputs": {
        "nixpkgs": "nixpkgs",
        "nixpkgs-unstable": "nixpkgs-unstable",
        "nixserver": "nixserver",
        "secrets": "secrets"
      }
    },
    "secrets": {
      "locked": {
        "lastModified": 1711336187,
        "narHash": "sha256-YFI+O5AmS73MK9IM8qCJuZtRs4MWVqvA2uYCIGSxlMM=",
        "owner": "nixserver-io",
        "repo": "secrets-placeholder",
        "rev": "2f29309d8ad16abb026ef5a2c6f7672cca533bcf",
        "type": "github"
      },
      "original": {
        "owner": "nixserver-io",
        "repo": "secrets-placeholder",
        "type": "github"
      }
    }
  },
  "root": "root",
  "version": 7
}
