{
  "nodes": {
    "nixpkgs": {
      "locked": {
        "lastModified": 1735531152,
        "narHash": "sha256-As8I+ebItDKtboWgDXYZSIjGlKeqiLBvjxsQHUmAf1Q=",
        "owner": "NixOS",
        "repo": "nixpkgs",
        "rev": "3ffbbdbac0566a0977da3d2657b89cbcfe9a173b",
        "type": "github"
      },
      "original": {
        "owner": "NixOS",
        "ref": "nixos-24.11",
        "repo": "nixpkgs",
        "type": "github"
      }
    },
    "nixpkgs-unstable": {
      "locked": {
        "lastModified": 1735523292,
        "narHash": "sha256-opBsbR/nrGxiiF6XzlVluiHYb6yN/hEwv+lBWTy9xoM=",
        "owner": "NixOS",
        "repo": "nixpkgs",
        "rev": "6d97d419e5a9b36e6293887a89a078cf85f5a61b",
        "type": "github"
      },
      "original": {
        "owner": "NixOS",
        "ref": "nixpkgs-unstable",
        "repo": "nixpkgs",
        "type": "github"
      }
    },
    "nixpkgs_2": {
      "locked": {
        "lastModified": 1733261153,
        "narHash": "sha256-eq51hyiaIwtWo19fPEeE0Zr2s83DYMKJoukNLgGGpek=",
        "owner": "NixOS",
        "repo": "nixpkgs",
        "rev": "b681065d0919f7eb5309a93cea2cfa84dec9aa88",
        "type": "github"
      },
      "original": {
        "owner": "NixOS",
        "ref": "nixos-24.11",
        "repo": "nixpkgs",
        "type": "github"
      }
    },
    "nixserver": {
      "inputs": {
        "nixos-unstable": [
          "nixpkgs-unstable"
        ],
        "nixpkgs": "nixpkgs_2"
      },
      "locked": {
        "lastModified": 1735654552,
        "narHash": "sha256-jHpS2ci4o/aPx4Feq5iGsnF9qbDPBxFQiYCvOuf/jUU=",
        "type": "tarball",
        "url": "https://releases.nixserver.io/latest/nixosModules"
      },
      "original": {
        "type": "tarball",
        "url": "https://releases.nixserver.io/latest/nixosModules"
      }
    },
    "root": {
      "inputs": {
        "nixpkgs": "nixpkgs",
        "nixpkgs-unstable": "nixpkgs-unstable",
        "nixserver": "nixserver",
        "secrets": "secrets"
      }
    },
    "secrets": {
      "locked": {
        "lastModified": 1711336187,
        "narHash": "sha256-YFI+O5AmS73MK9IM8qCJuZtRs4MWVqvA2uYCIGSxlMM=",
        "owner": "nixserver-io",
        "repo": "secrets-placeholder",
        "rev": "2f29309d8ad16abb026ef5a2c6f7672cca533bcf",
        "type": "github"
      },
      "original": {
        "owner": "nixserver-io",
        "repo": "secrets-placeholder",
        "type": "github"
      }
    }
  },
  "root": "root",
  "version": 7
}
