{
  "nodes": {
    "nixpkgs": {
      "locked": {
        "lastModified": 1733412085,
        "narHash": "sha256-FillH0qdWDt/nlO6ED7h4cmN+G9uXwGjwmCnHs0QVYM=",
        "owner": "NixOS",
        "repo": "nixpkgs",
        "rev": "4dc2fc4e62dbf62b84132fe526356fbac7b03541",
        "type": "github"
      },
      "original": {
        "owner": "NixOS",
        "ref": "nixos-24.11",
        "repo": "nixpkgs",
        "type": "github"
      }
    },
    "nixpkgs-unstable": {
      "locked": {
        "lastModified": 1733229606,
        "narHash": "sha256-FLYY5M0rpa5C2QAE3CKLYAM6TwbKicdRK6qNrSHlNrE=",
        "owner": "NixOS",
        "repo": "nixpkgs",
        "rev": "566e53c2ad750c84f6d31f9ccb9d00f823165550",
        "type": "github"
      },
      "original": {
        "owner": "NixOS",
        "ref": "nixpkgs-unstable",
        "repo": "nixpkgs",
        "type": "github"
      }
    },
    "nixpkgs_2": {
      "locked": {
        "lastModified": 1733261153,
        "narHash": "sha256-eq51hyiaIwtWo19fPEeE0Zr2s83DYMKJoukNLgGGpek=",
        "owner": "NixOS",
        "repo": "nixpkgs",
        "rev": "b681065d0919f7eb5309a93cea2cfa84dec9aa88",
        "type": "github"
      },
      "original": {
        "owner": "NixOS",
        "ref": "nixos-24.11",
        "repo": "nixpkgs",
        "type": "github"
      }
    },
    "nixserver": {
      "inputs": {
        "nixos-unstable": [
          "nixpkgs-unstable"
        ],
        "nixpkgs": "nixpkgs_2"
      },
      "locked": {
        "lastModified": 1733509085,
        "narHash": "sha256-jHpS2ci4o/aPx4Feq5iGsnF9qbDPBxFQiYCvOuf/jUU=",
        "type": "tarball",
        "url": "https://releases.nixserver.io/latest/nixosModules"
      },
      "original": {
        "type": "tarball",
        "url": "https://releases.nixserver.io/latest/nixosModules"
      }
    },
    "root": {
      "inputs": {
        "nixpkgs": "nixpkgs",
        "nixpkgs-unstable": "nixpkgs-unstable",
        "nixserver": "nixserver",
        "secrets": "secrets"
      }
    },
    "secrets": {
      "locked": {
        "lastModified": 1711336187,
        "narHash": "sha256-YFI+O5AmS73MK9IM8qCJuZtRs4MWVqvA2uYCIGSxlMM=",
        "owner": "nixserver-io",
        "repo": "secrets-placeholder",
        "rev": "2f29309d8ad16abb026ef5a2c6f7672cca533bcf",
        "type": "github"
      },
      "original": {
        "owner": "nixserver-io",
        "repo": "secrets-placeholder",
        "type": "github"
      }
    }
  },
  "root": "root",
  "version": 7
}
